
Microsoft Visual Studio Solution File, Format Version 12.00
# Visual Studio Version 16
VisualStudioVersion = 16.0.29806.167
MinimumVisualStudioVersion = 10.0.40219.1
Project("{FAE04EC0-301F-11D3-BF4B-00C04F79EFBC}") = "Application", "Application\Application.csproj", "{18D04FA1-5448-4725-B70D-42ED8510D6C4}"
EndProject
Project("{FAE04EC0-301F-11D3-BF4B-00C04F79EFBC}") = "APIConnection", "APIConnection\APIConnection.csproj", "{83D6520F-8B1A-43B7-A5AF-00DE1C435BF1}"
EndProject
Project("{FAE04EC0-301F-11D3-BF4B-00C04F79EFBC}") = "In360.PrinterService", "PrinterService\In360.PrinterService.csproj", "{B981D49E-6B49-4B33-BC6A-4F77DB51C77A}"
EndProject
Global
	GlobalSection(SolutionConfigurationPlatforms) = preSolution
		Debug|Any CPU = Debug|Any CPU
		Release|Any CPU = Release|Any CPU
	EndGlobalSection
	GlobalSection(ProjectConfigurationPlatforms) = postSolution
		{18D04FA1-5448-4725-B70D-42ED8510D6C4}.Debug|Any CPU.ActiveCfg = Debug|Any CPU
		{18D04FA1-5448-4725-B70D-42ED8510D6C4}.Debug|Any CPU.Build.0 = Debug|Any CPU
		{18D04FA1-5448-4725-B70D-42ED8510D6C4}.Release|Any CPU.ActiveCfg = Release|Any CPU
		{18D04FA1-5448-4725-B70D-42ED8510D6C4}.Release|Any CPU.Build.0 = Release|Any CPU
		{83D6520F-8B1A-43B7-A5AF-00DE1C435BF1}.Debug|Any CPU.ActiveCfg = Debug|Any CPU
		{83D6520F-8B1A-43B7-A5AF-00DE1C435BF1}.Debug|Any CPU.Build.0 = Debug|Any CPU
		{83D6520F-8B1A-43B7-A5AF-00DE1C435BF1}.Release|Any CPU.ActiveCfg = Release|Any CPU
		{83D6520F-8B1A-43B7-A5AF-00DE1C435BF1}.Release|Any CPU.Build.0 = Release|Any CPU
		{B981D49E-6B49-4B33-BC6A-4F77DB51C77A}.Debug|Any CPU.ActiveCfg = Debug|Any CPU
		{B981D49E-6B49-4B33-BC6A-4F77DB51C77A}.Debug|Any CPU.Build.0 = Debug|Any CPU
		{B981D49E-6B49-4B33-BC6A-4F77DB51C77A}.Release|Any CPU.ActiveCfg = Release|Any CPU
		{B981D49E-6B49-4B33-BC6A-4F77DB51C77A}.Release|Any CPU.Build.0 = Release|Any CPU
	EndGlobalSection
	GlobalSection(SolutionProperties) = preSolution
		HideSolutionNode = FALSE
	EndGlobalSection
	GlobalSection(ExtensibilityGlobals) = postSolution
		SolutionGuid = {68044F32-222C-44E0-9F97-A530113EF5C8}
	EndGlobalSection
EndGlobal
